
Microsoft Visual Studio Solution File, Format Version 12.00
# Visual Studio Version 16
VisualStudioVersion = 16.0.29709.97
MinimumVisualStudioVersion = 10.0.40219.1
Project("{FAE04EC0-301F-11D3-BF4B-00C04F79EFBC}") = "HW4_5", "HW4_5\HW4_5.csproj", "{24BDE3FE-ADBD-47CF-85C6-79E77AAC8314}"
EndProject
Project("{FAE04EC0-301F-11D3-BF4B-00C04F79EFBC}") = "PresentationLayer", "CarController\PresentationLayer.csproj", "{89F79F3E-F598-469D-AAA4-D50EA0176527}"
EndProject
Project("{FAE04EC0-301F-11D3-BF4B-00C04F79EFBC}") = "DataAccessLayer", "CarRepository\DataAccessLayer.csproj", "{634205C5-8C05-40F2-AA68-F84C08839974}"
EndProject
Project("{FAE04EC0-301F-11D3-BF4B-00C04F79EFBC}") = "BusinessLogicLayer", "CarService\BusinessLogicLayer.csproj", "{3FB30575-8129-4EE5-9A52-0F8682EA9CDE}"
EndProject
Global
	GlobalSection(SolutionConfigurationPlatforms) = preSolution
		Debug|Any CPU = Debug|Any CPU
		Release|Any CPU = Release|Any CPU
	EndGlobalSection
	GlobalSection(ProjectConfigurationPlatforms) = postSolution
		{24BDE3FE-ADBD-47CF-85C6-79E77AAC8314}.Debug|Any CPU.ActiveCfg = Debug|Any CPU
		{24BDE3FE-ADBD-47CF-85C6-79E77AAC8314}.Debug|Any CPU.Build.0 = Debug|Any CPU
		{24BDE3FE-ADBD-47CF-85C6-79E77AAC8314}.Release|Any CPU.ActiveCfg = Release|Any CPU
		{24BDE3FE-ADBD-47CF-85C6-79E77AAC8314}.Release|Any CPU.Build.0 = Release|Any CPU
		{89F79F3E-F598-469D-AAA4-D50EA0176527}.Debug|Any CPU.ActiveCfg = Debug|Any CPU
		{89F79F3E-F598-469D-AAA4-D50EA0176527}.Debug|Any CPU.Build.0 = Debug|Any CPU
		{89F79F3E-F598-469D-AAA4-D50EA0176527}.Release|Any CPU.ActiveCfg = Release|Any CPU
		{89F79F3E-F598-469D-AAA4-D50EA0176527}.Release|Any CPU.Build.0 = Release|Any CPU
		{634205C5-8C05-40F2-AA68-F84C08839974}.Debug|Any CPU.ActiveCfg = Debug|Any CPU
		{634205C5-8C05-40F2-AA68-F84C08839974}.Debug|Any CPU.Build.0 = Debug|Any CPU
		{634205C5-8C05-40F2-AA68-F84C08839974}.Release|Any CPU.ActiveCfg = Release|Any CPU
		{634205C5-8C05-40F2-AA68-F84C08839974}.Release|Any CPU.Build.0 = Release|Any CPU
		{3FB30575-8129-4EE5-9A52-0F8682EA9CDE}.Debug|Any CPU.ActiveCfg = Debug|Any CPU
		{3FB30575-8129-4EE5-9A52-0F8682EA9CDE}.Debug|Any CPU.Build.0 = Debug|Any CPU
		{3FB30575-8129-4EE5-9A52-0F8682EA9CDE}.Release|Any CPU.ActiveCfg = Release|Any CPU
		{3FB30575-8129-4EE5-9A52-0F8682EA9CDE}.Release|Any CPU.Build.0 = Release|Any CPU
	EndGlobalSection
	GlobalSection(SolutionProperties) = preSolution
		HideSolutionNode = FALSE
	EndGlobalSection
	GlobalSection(ExtensibilityGlobals) = postSolution
		SolutionGuid = {05F5B54E-5CE6-49F6-98E6-48DEE0EBD7A6}
	EndGlobalSection
EndGlobal
